
Microsoft Visual Studio Solution File, Format Version 11.00
# Visual Studio 2010
Project("{FAE04EC0-301F-11D3-BF4B-00C04F79EFBC}") = "TranslatorComp_Sundar", "TranslatorComp_Sundar\TranslatorComp_Sundar.csproj", "{AA123445-76D2-44EA-8849-036078627C57}"
EndProject
Global
	GlobalSection(SolutionConfigurationPlatforms) = preSolution
		Debug|Any CPU = Debug|Any CPU
		Debug|x86 = Debug|x86
		Release|Any CPU = Release|Any CPU
		Release|x86 = Release|x86
	EndGlobalSection
	GlobalSection(ProjectConfigurationPlatforms) = postSolution
		{AA123445-76D2-44EA-8849-036078627C57}.Debug|Any CPU.ActiveCfg = Debug|Any CPU
		{AA123445-76D2-44EA-8849-036078627C57}.Debug|Any CPU.Build.0 = Debug|Any CPU
		{AA123445-76D2-44EA-8849-036078627C57}.Debug|x86.ActiveCfg = Debug|x86
		{AA123445-76D2-44EA-8849-036078627C57}.Debug|x86.Build.0 = Debug|x86
		{AA123445-76D2-44EA-8849-036078627C57}.Release|Any CPU.ActiveCfg = Release|Any CPU
		{AA123445-76D2-44EA-8849-036078627C57}.Release|Any CPU.Build.0 = Release|Any CPU
		{AA123445-76D2-44EA-8849-036078627C57}.Release|x86.ActiveCfg = Release|x86
		{AA123445-76D2-44EA-8849-036078627C57}.Release|x86.Build.0 = Release|x86
	EndGlobalSection
	GlobalSection(SolutionProperties) = preSolution
		HideSolutionNode = FALSE
	EndGlobalSection
EndGlobal
